
Microsoft Visual Studio Solution File, Format Version 12.00
# Visual Studio 15
Project("{FAE04EC0-301F-11D3-BF4B-00C04F79EFBC}") = "Lab_4_Dice_Rolling", "Lab_4_Dice_Rolling\Lab_4_Dice_Rolling.csproj", "{2EEDD2C5-8362-46AC-B49D-5E221A4CEE10}"
EndProject
Global
	GlobalSection(SolutionConfigurationPlatforms) = preSolution
		Debug|Any CPU = Debug|Any CPU
		Release|Any CPU = Release|Any CPU
	EndGlobalSection
	GlobalSection(ProjectConfigurationPlatforms) = postSolution
		{2EEDD2C5-8362-46AC-B49D-5E221A4CEE10}.Debug|Any CPU.ActiveCfg = Debug|Any CPU
		{2EEDD2C5-8362-46AC-B49D-5E221A4CEE10}.Debug|Any CPU.Build.0 = Debug|Any CPU
		{2EEDD2C5-8362-46AC-B49D-5E221A4CEE10}.Release|Any CPU.ActiveCfg = Release|Any CPU
		{2EEDD2C5-8362-46AC-B49D-5E221A4CEE10}.Release|Any CPU.Build.0 = Release|Any CPU
	EndGlobalSection
EndGlobal
